
Microsoft Visual Studio Solution File, Format Version 12.00
# Visual Studio 15
VisualStudioVersion = 15.0.28307.271
MinimumVisualStudioVersion = 10.0.40219.1
Project("{FAE04EC0-301F-11D3-BF4B-00C04F79EFBC}") = "MarquesAnimation", "MarquesAnimation\MarquesAnimation.csproj", "{DECD4055-E1B2-4C1A-96D9-F241D5C072EE}"
EndProject
Global
	GlobalSection(SolutionConfigurationPlatforms) = preSolution
		Debug|Any CPU = Debug|Any CPU
		Release|Any CPU = Release|Any CPU
	EndGlobalSection
	GlobalSection(ProjectConfigurationPlatforms) = postSolution
		{DECD4055-E1B2-4C1A-96D9-F241D5C072EE}.Debug|Any CPU.ActiveCfg = Debug|Any CPU
		{DECD4055-E1B2-4C1A-96D9-F241D5C072EE}.Debug|Any CPU.Build.0 = Debug|Any CPU
		{DECD4055-E1B2-4C1A-96D9-F241D5C072EE}.Release|Any CPU.ActiveCfg = Release|Any CPU
		{DECD4055-E1B2-4C1A-96D9-F241D5C072EE}.Release|Any CPU.Build.0 = Release|Any CPU
	EndGlobalSection
	GlobalSection(SolutionProperties) = preSolution
		HideSolutionNode = FALSE
	EndGlobalSection
	GlobalSection(ExtensibilityGlobals) = postSolution
		SolutionGuid = {AC07CDFA-8B2C-4804-9D6A-022FE64D15FA}
	EndGlobalSection
EndGlobal
